# This file is @generated by PDM.
# It is not intended for manual editing.

[[package]]
name = "appnope"
version = "0.1.3"
summary = "Disable App Nap on macOS >= 10.9"

[[package]]
name = "asttokens"
version = "2.2.1"
summary = "Annotate AST trees with source code positions"
dependencies = [
    "six",
]

[[package]]
name = "backcall"
version = "0.2.0"
summary = "Specifications for callback functions passed in to an API"

[[package]]
name = "colorama"
version = "0.4.6"
requires_python = "!=3.0.*,!=3.1.*,!=3.2.*,!=3.3.*,!=3.4.*,!=3.5.*,!=3.6.*,>=2.7"
summary = "Cross-platform colored terminal text."

[[package]]
name = "decorator"
version = "5.1.1"
requires_python = ">=3.5"
summary = "Decorators for Humans"

[[package]]
name = "executing"
version = "1.2.0"
summary = "Get the currently executing AST node of a frame, and other information"

[[package]]
name = "huey"
version = "2.4.5"
summary = "huey, a little task queue"

[[package]]
name = "ipython"
version = "8.13.1"
requires_python = ">=3.9"
summary = "IPython: Productive Interactive Computing"
dependencies = [
    "appnope; sys_platform == \"darwin\"",
    "backcall",
    "colorama; sys_platform == \"win32\"",
    "decorator",
    "jedi>=0.16",
    "matplotlib-inline",
    "pexpect>4.3; sys_platform != \"win32\"",
    "pickleshare",
    "prompt-toolkit!=3.0.37,<3.1.0,>=3.0.30",
    "pygments>=2.4.0",
    "stack-data",
    "traitlets>=5",
]

[[package]]
name = "jedi"
version = "0.18.2"
requires_python = ">=3.6"
summary = "An autocompletion tool for Python that can be used for text editors."
dependencies = [
    "parso<0.9.0,>=0.8.0",
]

[[package]]
name = "matplotlib-inline"
version = "0.1.6"
requires_python = ">=3.5"
summary = "Inline Matplotlib backend for Jupyter"
dependencies = [
    "traitlets",
]

[[package]]
name = "numpy"
version = "1.24.3"
requires_python = ">=3.8"
summary = "Fundamental package for array computing in Python"

[[package]]
name = "pandas"
version = "2.0.1"
requires_python = ">=3.8"
summary = "Powerful data structures for data analysis, time series, and statistics"
dependencies = [
    "numpy>=1.21.0; python_version >= \"3.10\"",
    "numpy>=1.23.2; python_version >= \"3.11\"",
    "python-dateutil>=2.8.2",
    "pytz>=2020.1",
    "tzdata>=2022.1",
]

[[package]]
name = "parquet"
version = "1.3.1"
summary = "Python support for Parquet file format"
dependencies = [
    "thriftpy2",
]

[[package]]
name = "parso"
version = "0.8.3"
requires_python = ">=3.6"
summary = "A Python Parser"

[[package]]
name = "pexpect"
version = "4.8.0"
summary = "Pexpect allows easy control of interactive console applications."
dependencies = [
    "ptyprocess>=0.5",
]

[[package]]
name = "pickleshare"
version = "0.7.5"
summary = "Tiny 'shelve'-like database with concurrency support"

[[package]]
name = "ply"
version = "3.11"
summary = "Python Lex & Yacc"

[[package]]
name = "prompt-toolkit"
version = "3.0.38"
requires_python = ">=3.7.0"
summary = "Library for building powerful interactive command lines in Python"
dependencies = [
    "wcwidth",
]

[[package]]
name = "ptyprocess"
version = "0.7.0"
summary = "Run a subprocess in a pseudo terminal"

[[package]]
name = "pure-eval"
version = "0.2.2"
summary = "Safely evaluate AST nodes without side effects"

[[package]]
name = "pyarrow"
version = "11.0.0"
requires_python = ">=3.7"
summary = "Python library for Apache Arrow"
dependencies = [
    "numpy>=1.16.6",
]

[[package]]
name = "pygments"
version = "2.15.1"
requires_python = ">=3.7"
summary = "Pygments is a syntax highlighting package written in Python."

[[package]]
name = "python-dateutil"
version = "2.8.2"
requires_python = "!=3.0.*,!=3.1.*,!=3.2.*,>=2.7"
summary = "Extensions to the standard Python datetime module"
dependencies = [
    "six>=1.5",
]

[[package]]
name = "pytz"
version = "2023.3"
summary = "World timezone definitions, modern and historical"

[[package]]
name = "six"
version = "1.16.0"
requires_python = ">=2.7, !=3.0.*, !=3.1.*, !=3.2.*"
summary = "Python 2 and 3 compatibility utilities"

[[package]]
name = "stack-data"
version = "0.6.2"
summary = "Extract data from python stack frames and tracebacks for informative displays"
dependencies = [
    "asttokens>=2.1.0",
    "executing>=1.2.0",
    "pure-eval",
]

[[package]]
name = "thriftpy2"
version = "0.4.16"
requires_python = ">=2.7, !=3.0.*, !=3.1.*, !=3.2.*, !=3.3.*, !=3.4.*"
summary = "Pure python implementation of Apache Thrift."
dependencies = [
    "ply<4.0,>=3.4",
    "six~=1.15",
]

[[package]]
name = "traitlets"
version = "5.9.0"
requires_python = ">=3.7"
summary = "Traitlets Python configuration system"

[[package]]
name = "tzdata"
version = "2023.3"
requires_python = ">=2"
summary = "Provider of IANA time zone data"

[[package]]
name = "wcwidth"
version = "0.2.6"
summary = "Measures the displayed width of unicode strings in a terminal"

[metadata]
lock_version = "4.2"
groups = ["default"]
content_hash = "sha256:6866fe2f775f7f5a489f33eedb1bc7c9aa47be34cb59b161d4a47373c8de00ed"

[metadata.files]
"appnope 0.1.3" = [
    {url = "https://pypi.tuna.tsinghua.edu.cn/packages/41/4a/381783f26df413dde4c70c734163d88ca0550a1361cb74a1c68f47550619/appnope-0.1.3-py2.py3-none-any.whl", hash = "sha256:265a455292d0bd8a72453494fa24df5a11eb18373a60c7c0430889f22548605e"},
    {url = "https://pypi.tuna.tsinghua.edu.cn/packages/6a/cd/355842c0db33192ac0fc822e2dcae835669ef317fe56c795fb55fcddb26f/appnope-0.1.3.tar.gz", hash = "sha256:02bd91c4de869fbb1e1c50aafc4098827a7a54ab2f39d9dcba6c9547ed920e24"},
]
"asttokens 2.2.1" = [
    {url = "https://pypi.tuna.tsinghua.edu.cn/packages/c8/e3/b0b4f32162621126fbdaba636c152c6b6baec486c99f48686e66343d638f/asttokens-2.2.1.tar.gz", hash = "sha256:4622110b2a6f30b77e1473affaa97e711bc2f07d3f10848420ff1898edbe94f3"},
    {url = "https://pypi.tuna.tsinghua.edu.cn/packages/f3/e1/64679d9d0759db5b182222c81ff322c2fe2c31e156a59afd6e9208c960e5/asttokens-2.2.1-py2.py3-none-any.whl", hash = "sha256:6b0ac9e93fb0335014d382b8fa9b3afa7df546984258005da0b9e7095b3deb1c"},
]
"backcall 0.2.0" = [
    {url = "https://pypi.tuna.tsinghua.edu.cn/packages/4c/1c/ff6546b6c12603d8dd1070aa3c3d273ad4c07f5771689a7b69a550e8c951/backcall-0.2.0-py2.py3-none-any.whl", hash = "sha256:fbbce6a29f263178a1f7915c1940bde0ec2b2a967566fe1c65c1dfb7422bd255"},
    {url = "https://pypi.tuna.tsinghua.edu.cn/packages/a2/40/764a663805d84deee23043e1426a9175567db89c8b3287b5c2ad9f71aa93/backcall-0.2.0.tar.gz", hash = "sha256:5cbdbf27be5e7cfadb448baf0aa95508f91f2bbc6c6437cd9cd06e2a4c215e1e"},
]
"colorama 0.4.6" = [
    {url = "https://pypi.tuna.tsinghua.edu.cn/packages/d1/d6/3965ed04c63042e047cb6a3e6ed1a63a35087b6a609aa3a15ed8ac56c221/colorama-0.4.6-py2.py3-none-any.whl", hash = "sha256:4f1d9991f5acc0ca119f9d443620b77f9d6b33703e51011c16baf57afb285fc6"},
    {url = "https://pypi.tuna.tsinghua.edu.cn/packages/d8/53/6f443c9a4a8358a93a6792e2acffb9d9d5cb0a5cfd8802644b7b1c9a02e4/colorama-0.4.6.tar.gz", hash = "sha256:08695f5cb7ed6e0531a20572697297273c47b8cae5a63ffc6d6ed5c201be6e44"},
]
"decorator 5.1.1" = [
    {url = "https://pypi.tuna.tsinghua.edu.cn/packages/66/0c/8d907af351aa16b42caae42f9d6aa37b900c67308052d10fdce809f8d952/decorator-5.1.1.tar.gz", hash = "sha256:637996211036b6385ef91435e4fae22989472f9d571faba8927ba8253acbc330"},
    {url = "https://pypi.tuna.tsinghua.edu.cn/packages/d5/50/83c593b07763e1161326b3b8c6686f0f4b0f24d5526546bee538c89837d6/decorator-5.1.1-py3-none-any.whl", hash = "sha256:b8c3f85900b9dc423225913c5aace94729fe1fa9763b38939a95226f02d37186"},
]
"executing 1.2.0" = [
    {url = "https://pypi.tuna.tsinghua.edu.cn/packages/28/3c/bc3819dd8b1a1588c9215a87271b6178cc5498acaa83885211f5d4d9e693/executing-1.2.0-py2.py3-none-any.whl", hash = "sha256:0314a69e37426e3608aada02473b4161d4caf5a4b244d1d0c48072b8fee7bacc"},
    {url = "https://pypi.tuna.tsinghua.edu.cn/packages/8f/ac/89ff37d8594b0eef176b7cec742ac868fef853b8e18df0309e3def9f480b/executing-1.2.0.tar.gz", hash = "sha256:19da64c18d2d851112f09c287f8d3dbbdf725ab0e569077efb6cdcbd3497c107"},
]
"huey 2.4.5" = [
    {url = "https://pypi.tuna.tsinghua.edu.cn/packages/a7/2e/a1afc46dd8fadf43eaa7ca7232d1c766d444d636e840278bd1b6c2b6d873/huey-2.4.5.tar.gz", hash = "sha256:760cf150deff1fa34b852da37701a5a750d1148f03ea07aa2b3764dc6060b4c3"},
]
"ipython 8.13.1" = [
    {url = "https://pypi.tuna.tsinghua.edu.cn/packages/0f/89/5a81b01529537e0f59c72679846d8b33c66225055b3ba520e161c42c8e02/ipython-8.13.1.tar.gz", hash = "sha256:9c8487ac18f330c8a683fc50ab6d7bc0fcf9ef1d7a9f6ce7926938261067b81f"},
    {url = "https://pypi.tuna.tsinghua.edu.cn/packages/7c/3a/946a16933f6544aff3495978924d3ed8328ce1f42b8b7caef56b63e31bd7/ipython-8.13.1-py3-none-any.whl", hash = "sha256:1c80d08f04144a1994cda25569eab07fbdc4989bd8d8793e3a4ff643065ccb51"},
]
"jedi 0.18.2" = [
    {url = "https://pypi.tuna.tsinghua.edu.cn/packages/15/02/afd43c5066de05f6b3188f3aa74136a3289e6c30e7a45f351546cab0928c/jedi-0.18.2.tar.gz", hash = "sha256:bae794c30d07f6d910d32a7048af09b5a39ed740918da923c6b780790ebac612"},
    {url = "https://pypi.tuna.tsinghua.edu.cn/packages/6d/60/4acda63286ef6023515eb914543ba36496b8929cb7af49ecce63afde09c6/jedi-0.18.2-py2.py3-none-any.whl", hash = "sha256:203c1fd9d969ab8f2119ec0a3342e0b49910045abe6af0a3ae83a5764d54639e"},
]
"matplotlib-inline 0.1.6" = [
    {url = "https://pypi.tuna.tsinghua.edu.cn/packages/d9/50/3af8c0362f26108e54d58c7f38784a3bdae6b9a450bab48ee8482d737f44/matplotlib-inline-0.1.6.tar.gz", hash = "sha256:f887e5f10ba98e8d2b150ddcf4702c1e5f8b3a20005eb0f74bfdbd360ee6f304"},
    {url = "https://pypi.tuna.tsinghua.edu.cn/packages/f2/51/c34d7a1d528efaae3d8ddb18ef45a41f284eacf9e514523b191b7d0872cc/matplotlib_inline-0.1.6-py3-none-any.whl", hash = "sha256:f1f41aab5328aa5aaea9b16d083b128102f8712542f819fe7e6a420ff581b311"},
]
"numpy 1.24.3" = [
    {url = "https://pypi.tuna.tsinghua.edu.cn/packages/0d/43/643629a4a278b4815541c7d69856c07ddb0e99bdc62b43538d3751eae2d8/numpy-1.24.3-cp39-cp39-macosx_10_9_x86_64.whl", hash = "sha256:4719d5aefb5189f50887773699eaf94e7d1e02bf36c1a9d353d9f46703758ca4"},
    {url = "https://pypi.tuna.tsinghua.edu.cn/packages/15/b8/cbe1750b9ec78062e5a00ef39ff8bdf189ce753b411b6b35931ababaee47/numpy-1.24.3-pp38-pypy38_pp73-win_amd64.whl", hash = "sha256:35400e6a8d102fd07c71ed7dcadd9eb62ee9a6e84ec159bd48c28235bbb0f8e4"},
    {url = "https://pypi.tuna.tsinghua.edu.cn/packages/1a/62/af7e78a12207608b23e3b2e248fc823fbef75f17d5defc8a127c5661daca/numpy-1.24.3-cp38-cp38-win_amd64.whl", hash = "sha256:56e48aec79ae238f6e4395886b5eaed058abb7231fb3361ddd7bfdf4eed54289"},
    {url = "https://pypi.tuna.tsinghua.edu.cn/packages/2c/d4/590ae7df5044465cc9fa2db152ae12468694d62d952b1528ecff328ef7fc/numpy-1.24.3.tar.gz", hash = "sha256:ab344f1bf21f140adab8e47fdbc7c35a477dc01408791f8ba00d018dd0bc5155"},
    {url = "https://pypi.tuna.tsinghua.edu.cn/packages/53/f7/bf6e2b973c6d6a4c60f722dd95322d4997b4999347d67c5c74a4042a07b7/numpy-1.24.3-cp38-cp38-win32.whl", hash = "sha256:d933fabd8f6a319e8530d0de4fcc2e6a61917e0b0c271fded460032db42a0fe4"},
    {url = "https://pypi.tuna.tsinghua.edu.cn/packages/54/41/fb17c1d48a574c50422ff3f1b17ed979b755adc6ed291c4a44a76e226c67/numpy-1.24.3-cp39-cp39-macosx_11_0_arm64.whl", hash = "sha256:0ec87a7084caa559c36e0a2309e4ecb1baa03b687201d0a847c8b0ed476a7187"},
    {url = "https://pypi.tuna.tsinghua.edu.cn/packages/5a/ab/d0eff89e0c05cc86fa7955c5e54e8ed0957a8a97a2516384b9ffd82008cc/numpy-1.24.3-pp38-pypy38_pp73-macosx_10_9_x86_64.whl", hash = "sha256:352ee00c7f8387b44d19f4cada524586f07379c0d49270f87233983bc5087ca0"},
    {url = "https://pypi.tuna.tsinghua.edu.cn/packages/62/e4/cd77d5f3d02c30d9ca8f2995df3cb3974c75cf1cc777fad445753475c4e4/numpy-1.24.3-cp310-cp310-manylinux_2_17_aarch64.manylinux2014_aarch64.whl", hash = "sha256:8535303847b89aa6b0f00aa1dc62867b5a32923e4d1681a35b5eef2d9591a463"},
    {url = "https://pypi.tuna.tsinghua.edu.cn/packages/65/5d/46da284b0bf6cfbf04082c3c5e84399664d69e41c11a33587ad49b0c64e5/numpy-1.24.3-cp310-cp310-win_amd64.whl", hash = "sha256:ab5f23af8c16022663a652d3b25dcdc272ac3f83c3af4c02eb8b824e6b3ab9d7"},
    {url = "https://pypi.tuna.tsinghua.edu.cn/packages/6f/72/38f9a536bdb5bfb1682f2520f133ec6e08dde8bcca1f632e347641d90763/numpy-1.24.3-cp310-cp310-manylinux_2_17_x86_64.manylinux2014_x86_64.whl", hash = "sha256:2d926b52ba1367f9acb76b0df6ed21f0b16a1ad87c6720a1121674e5cf63e2b6"},
    {url = "https://pypi.tuna.tsinghua.edu.cn/packages/72/eb/9c77bbc4d2b4ca17ef253621794a2d42897d896f86cd493db3eabe1a7d25/numpy-1.24.3-cp311-cp311-manylinux_2_17_aarch64.manylinux2014_aarch64.whl", hash = "sha256:76e3f4e85fc5d4fd311f6e9b794d0c00e7002ec122be271f2019d63376f1d385"},
    {url = "https://pypi.tuna.tsinghua.edu.cn/packages/76/7c/cfb8ac4925defbe222aec15ac6b42b2a3d9bab7c9d13a2e767f534b35c2e/numpy-1.24.3-cp39-cp39-win_amd64.whl", hash = "sha256:d5036197ecae68d7f491fcdb4df90082b0d4960ca6599ba2659957aafced7c17"},
    {url = "https://pypi.tuna.tsinghua.edu.cn/packages/79/4a/63a79242763edde0b5025d104cc2b78c44d89310b1bbc9b0f64a96b72ea0/numpy-1.24.3-cp38-cp38-macosx_10_9_x86_64.whl", hash = "sha256:7776ea65423ca6a15255ba1872d82d207bd1e09f6d0894ee4a64678dd2204078"},
    {url = "https://pypi.tuna.tsinghua.edu.cn/packages/82/19/321d369ede7458500f59151101470129d14f3b6768bb9b99bb7156f526b5/numpy-1.24.3-cp311-cp311-manylinux_2_17_x86_64.manylinux2014_x86_64.whl", hash = "sha256:a1d3c026f57ceaad42f8231305d4653d5f05dc6332a730ae5c0bea3513de0950"},
    {url = "https://pypi.tuna.tsinghua.edu.cn/packages/83/be/de078ac5e4ff572b1bdac1808b77cea2013b2c6286282f89b1de3e951273/numpy-1.24.3-cp39-cp39-manylinux_2_17_x86_64.manylinux2014_x86_64.whl", hash = "sha256:210461d87fb02a84ef243cac5e814aad2b7f4be953b32cb53327bb49fd77fbb4"},
    {url = "https://pypi.tuna.tsinghua.edu.cn/packages/89/e3/e2f478b2ff131e7c3171044a87e74df61db4b67fbcb90be479c07a44d0a7/numpy-1.24.3-cp310-cp310-win32.whl", hash = "sha256:f21c442fdd2805e91799fbe044a7b999b8571bb0ab0f7850d0cb9641a687092b"},
    {url = "https://pypi.tuna.tsinghua.edu.cn/packages/8b/d9/814a619ab84d8eb0d95e08d4c723e665f1e694b5a6068ca505a61bdc3745/numpy-1.24.3-cp38-cp38-manylinux_2_17_x86_64.manylinux2014_x86_64.whl", hash = "sha256:4749e053a29364d3452c034827102ee100986903263e89884922ef01a0a6fd2f"},
    {url = "https://pypi.tuna.tsinghua.edu.cn/packages/94/84/ed45416c8319c02348a5812d5647796a0833e3fb5576d01758f2a72e9200/numpy-1.24.3-cp311-cp311-win32.whl", hash = "sha256:c91c4afd8abc3908e00a44b2672718905b8611503f7ff87390cc0ac3423fb096"},
    {url = "https://pypi.tuna.tsinghua.edu.cn/packages/96/92/2a8c1356e226311cf885e04eff576df8c357b2626c47c9283024bc24e01e/numpy-1.24.3-cp39-cp39-manylinux_2_17_aarch64.manylinux2014_aarch64.whl", hash = "sha256:ea8282b9bcfe2b5e7d491d0bf7f3e2da29700cec05b49e64d6246923329f2b02"},
    {url = "https://pypi.tuna.tsinghua.edu.cn/packages/a7/fe/72493149c65dcd39d8c8dc09870e242bd689d1db2bde3ec479807bf0d414/numpy-1.24.3-cp38-cp38-manylinux_2_17_aarch64.manylinux2014_aarch64.whl", hash = "sha256:ecde0f8adef7dfdec993fd54b0f78183051b6580f606111a6d789cd14c61ea0c"},
    {url = "https://pypi.tuna.tsinghua.edu.cn/packages/ca/13/c5bc0100b425f007412c3ba5d71e5ae9c08260fecbffd620764a9df1f4de/numpy-1.24.3-cp38-cp38-macosx_11_0_arm64.whl", hash = "sha256:ae8d0be48d1b6ed82588934aaaa179875e7dc4f3d84da18d7eae6eb3f06c242c"},
    {url = "https://pypi.tuna.tsinghua.edu.cn/packages/d5/d6/07b37e7fecad7d158aabb4782a1b941e10afe8b80ec24cd64285a5bbb81b/numpy-1.24.3-cp39-cp39-win32.whl", hash = "sha256:784c6da1a07818491b0ffd63c6bbe5a33deaa0e25a20e1b3ea20cf0e43f8046c"},
    {url = "https://pypi.tuna.tsinghua.edu.cn/packages/eb/10/2c3c672034d860bcca50b65d656e24c4e2ace9fb452fdd81da78cb7418a1/numpy-1.24.3-pp38-pypy38_pp73-manylinux_2_17_x86_64.manylinux2014_x86_64.whl", hash = "sha256:1a7d6acc2e7524c9955e5c903160aa4ea083736fde7e91276b0e5d98e6332812"},
    {url = "https://pypi.tuna.tsinghua.edu.cn/packages/ec/7d/f69c47ea3db0cd8ca444aec241a80b538eb176ae756820489a9d2946ec8c/numpy-1.24.3-cp311-cp311-macosx_10_9_x86_64.whl", hash = "sha256:9a7721ec204d3a237225db3e194c25268faf92e19338a35f3a224469cb6039a3"},
    {url = "https://pypi.tuna.tsinghua.edu.cn/packages/ee/6c/7217a8844dfe22e349bccbecd35571fa72c5d7fe8b33d8c5540e8cc2535c/numpy-1.24.3-cp311-cp311-macosx_11_0_arm64.whl", hash = "sha256:d6cc757de514c00b24ae8cf5c876af2a7c3df189028d68c0cb4eaa9cd5afc2bf"},
    {url = "https://pypi.tuna.tsinghua.edu.cn/packages/f0/e8/1ea9adebdccaadfc208c7517e09f5145ed5a73069779ff436393085d47a2/numpy-1.24.3-cp311-cp311-win_amd64.whl", hash = "sha256:5342cf6aad47943286afa6f1609cad9b4266a05e7f2ec408e2cf7aea7ff69d80"},
    {url = "https://pypi.tuna.tsinghua.edu.cn/packages/f3/23/7cc851bae09cf4db90d42a701dfe525780883ada86bece45e3da7a07e76b/numpy-1.24.3-cp310-cp310-macosx_10_9_x86_64.whl", hash = "sha256:3c1104d3c036fb81ab923f507536daedc718d0ad5a8707c6061cdfd6d184e570"},
    {url = "https://pypi.tuna.tsinghua.edu.cn/packages/fa/7d/8dfb40eecbb6bc83ca00ef979f5cdeca5909a250cb8b642dcf1fbd34c078/numpy-1.24.3-cp310-cp310-macosx_11_0_arm64.whl", hash = "sha256:202de8f38fc4a45a3eea4b63e2f376e5f2dc64ef0fa692838e31a808520efaf7"},
]
"pandas 2.0.1" = [
    {url = "https://pypi.tuna.tsinghua.edu.cn/packages/16/75/924e3a52c35cb105a152d29622d0f06bb0f48a677e77ddd6e11ef0004164/pandas-2.0.1-cp38-cp38-manylinux_2_17_x86_64.manylinux2014_x86_64.whl", hash = "sha256:e09a53a4fe8d6ae2149959a2d02e1ef2f4d2ceb285ac48f74b79798507e468b4"},
    {url = "https://pypi.tuna.tsinghua.edu.cn/packages/17/10/712e0566d1f561d1fcbb8f620523bc1777c7f1183365b5747b74e0585637/pandas-2.0.1-cp310-cp310-macosx_10_9_x86_64.whl", hash = "sha256:70a996a1d2432dadedbb638fe7d921c88b0cc4dd90374eab51bb33dc6c0c2a12"},
    {url = "https://pypi.tuna.tsinghua.edu.cn/packages/32/49/d7240d653397a74f181015bbf0a412098e54aa72f59660d0dd82e336fac8/pandas-2.0.1-cp311-cp311-macosx_11_0_arm64.whl", hash = "sha256:af2449e9e984dfad39276b885271ba31c5e0204ffd9f21f287a245980b0e4091"},
    {url = "https://pypi.tuna.tsinghua.edu.cn/packages/41/07/4bf208b31ae6e78a70baa706c5cb90c02d458d418a707c193466bf8cd4e5/pandas-2.0.1-cp310-cp310-macosx_11_0_arm64.whl", hash = "sha256:909a72b52175590debbf1d0c9e3e6bce2f1833c80c76d80bd1aa09188be768e5"},
    {url = "https://pypi.tuna.tsinghua.edu.cn/packages/41/77/a8210fab9a40a3546ab24f69e81c77539818d4379b6255a4510892d91015/pandas-2.0.1-cp38-cp38-win_amd64.whl", hash = "sha256:03e677c6bc9cfb7f93a8b617d44f6091613a5671ef2944818469be7b42114a00"},
    {url = "https://pypi.tuna.tsinghua.edu.cn/packages/4b/1a/252a5933e9c7fcf632b34d5a269d04b313b0181a58eb1395377503eccc7c/pandas-2.0.1-cp39-cp39-macosx_10_9_x86_64.whl", hash = "sha256:3d099ecaa5b9e977b55cd43cf842ec13b14afa1cfa51b7e1179d90b38c53ce6a"},
    {url = "https://pypi.tuna.tsinghua.edu.cn/packages/55/4f/934c0be7d9d50f9c0ca306281e3fc306b17b086c672deed55c6fe55ab2c6/pandas-2.0.1-cp39-cp39-macosx_11_0_arm64.whl", hash = "sha256:a37ee35a3eb6ce523b2c064af6286c45ea1c7ff882d46e10d0945dbda7572753"},
    {url = "https://pypi.tuna.tsinghua.edu.cn/packages/6c/e0/73987b6ecc7246e02ab557240843f93fd5adf45d1355abb458aa1f2a0932/pandas-2.0.1.tar.gz", hash = "sha256:19b8e5270da32b41ebf12f0e7165efa7024492e9513fb46fb631c5022ae5709d"},
    {url = "https://pypi.tuna.tsinghua.edu.cn/packages/6f/cf/d52394af3194f41db6cf99ec0975e913ad1bab14b69962d7ae7da5e4f01a/pandas-2.0.1-cp310-cp310-win32.whl", hash = "sha256:12bd6618e3cc737c5200ecabbbb5eaba8ab645a4b0db508ceeb4004bb10b060e"},
    {url = "https://pypi.tuna.tsinghua.edu.cn/packages/90/30/8b857447b0f4b59d5bd84e934e82ef8c82b73d71d1c9611c8aaaa8d44a50/pandas-2.0.1-cp310-cp310-win_amd64.whl", hash = "sha256:2b6fe5f7ce1cba0e74188c8473c9091ead9b293ef0a6794939f8cc7947057abd"},
    {url = "https://pypi.tuna.tsinghua.edu.cn/packages/91/ff/6af7586c9e8982dcf7078adfba1b0af244ae4dd7e5cbd617c24be9210ed5/pandas-2.0.1-cp39-cp39-win_amd64.whl", hash = "sha256:99f7192d8b0e6daf8e0d0fd93baa40056684e4b4aaaef9ea78dff34168e1f2f0"},
    {url = "https://pypi.tuna.tsinghua.edu.cn/packages/93/1f/85327a36a8fdc441a58424cfeb9104c2fa884eea1c9249a3c061c5c805a7/pandas-2.0.1-cp38-cp38-macosx_11_0_arm64.whl", hash = "sha256:6c0853d487b6c868bf107a4b270a823746175b1932093b537b9b76c639fc6f7e"},
    {url = "https://pypi.tuna.tsinghua.edu.cn/packages/95/df/ed5395174b7659e13444690073faaf3fcd5b7574e2a5180a2c44796c6728/pandas-2.0.1-cp38-cp38-macosx_10_9_x86_64.whl", hash = "sha256:7bbf173d364130334e0159a9a034f573e8b44a05320995127cf676b85fd8ce86"},
    {url = "https://pypi.tuna.tsinghua.edu.cn/packages/a3/40/eca46f6af07a83ea3b8706586b2d8a28c01bdccee789d24f2ccc5e148b28/pandas-2.0.1-cp310-cp310-manylinux_2_17_x86_64.manylinux2014_x86_64.whl", hash = "sha256:0a514ae436b23a92366fbad8365807fc0eed15ca219690b3445dcfa33597a5cc"},
    {url = "https://pypi.tuna.tsinghua.edu.cn/packages/a3/6b/adebe4415a929833cce8f63465b19386382ec855ab161a21ab08344a7a43/pandas-2.0.1-cp310-cp310-manylinux_2_17_aarch64.manylinux2014_aarch64.whl", hash = "sha256:fe7914d8ddb2d54b900cec264c090b88d141a1eed605c9539a187dbc2547f022"},
    {url = "https://pypi.tuna.tsinghua.edu.cn/packages/ac/99/ebdcc8665b7a94bf4dba22cbd6883ee633caa760b149ffe63cc1957b90ae/pandas-2.0.1-cp38-cp38-win32.whl", hash = "sha256:a2564629b3a47b6aa303e024e3d84e850d36746f7e804347f64229f8c87416ea"},
    {url = "https://pypi.tuna.tsinghua.edu.cn/packages/b2/4c/e04a85386949b0849c310e980f0e16d970b932f15d8eacd81987b97fe6da/pandas-2.0.1-cp38-cp38-manylinux_2_17_aarch64.manylinux2014_aarch64.whl", hash = "sha256:f25e23a03f7ad7211ffa30cb181c3e5f6d96a8e4cb22898af462a7333f8a74eb"},
    {url = "https://pypi.tuna.tsinghua.edu.cn/packages/b3/3b/acb903edc6d4a9272af71181eee2840b0b1ca104ea3545127393246b7c32/pandas-2.0.1-cp311-cp311-macosx_10_9_x86_64.whl", hash = "sha256:00959a04a1d7bbc63d75a768540fb20ecc9e65fd80744c930e23768345a362a7"},
    {url = "https://pypi.tuna.tsinghua.edu.cn/packages/c9/35/5337271d6cd24ec58d44991abe8adc6686e6796fc5ac893bcefa905b7423/pandas-2.0.1-cp39-cp39-manylinux_2_17_aarch64.manylinux2014_aarch64.whl", hash = "sha256:320b180d125c3842c5da5889183b9a43da4ebba375ab2ef938f57bf267a3c684"},
    {url = "https://pypi.tuna.tsinghua.edu.cn/packages/d2/cb/7cb0c973d7ae336f46a6e2b29c84496fadde49fe651739efdc2035af1779/pandas-2.0.1-cp39-cp39-win32.whl", hash = "sha256:90d1d365d77d287063c5e339f49b27bd99ef06d10a8843cf00b1a49326d492c1"},
    {url = "https://pypi.tuna.tsinghua.edu.cn/packages/e9/d7/ee1b27176addc1236f4a59a9ca105bbdf60424a597ab9b4e13f09e0a816f/pandas-2.0.1-cp39-cp39-manylinux_2_17_x86_64.manylinux2014_x86_64.whl", hash = "sha256:18d22cb9043b6c6804529810f492ab09d638ddf625c5dea8529239607295cb59"},
    {url = "https://pypi.tuna.tsinghua.edu.cn/packages/f3/32/2fae5c7e886d543c09328301baf1c79cf5e0a111b22dbf01779d97a702f7/pandas-2.0.1-cp311-cp311-win32.whl", hash = "sha256:7b8395d335b08bc8b050590da264f94a439b4770ff16bb51798527f1dd840388"},
    {url = "https://pypi.tuna.tsinghua.edu.cn/packages/f3/ac/8bfddafc42a0c801902efa2c3f4ee286369df1a4acafc0409a13c458c8bf/pandas-2.0.1-cp311-cp311-manylinux_2_17_x86_64.manylinux2014_x86_64.whl", hash = "sha256:6fa0067f2419f933101bdc6001bcea1d50812afbd367b30943417d67fbb99678"},
    {url = "https://pypi.tuna.tsinghua.edu.cn/packages/f7/56/38f5d7ccd495451979d38dc7d534035989f2dadf183600c53ae5501dff3d/pandas-2.0.1-cp311-cp311-manylinux_2_17_aarch64.manylinux2014_aarch64.whl", hash = "sha256:910df06feaf9935d05247db6de452f6d59820e432c18a2919a92ffcd98f8f79b"},
    {url = "https://pypi.tuna.tsinghua.edu.cn/packages/fc/79/a3ae8a668af15210d03e06bd8051892cab0826e7be7993d3b1e4a03ab420/pandas-2.0.1-cp311-cp311-win_amd64.whl", hash = "sha256:8db5a644d184a38e6ed40feeb12d410d7fcc36648443defe4707022da127fc35"},
]
"parquet 1.3.1" = [
    {url = "https://pypi.tuna.tsinghua.edu.cn/packages/14/a6/d57a2fe5caac3e0e0cdb78c0e450f30f953a590ecf94478065f33feb3d8f/parquet-1.3.1-py3-none-any.whl", hash = "sha256:a492a08643b51af8b4c2a25d97e1667170a483fc68ca408979b080ae9d771f51"},
    {url = "https://pypi.tuna.tsinghua.edu.cn/packages/39/06/56482f6834135a67dfc5a2bfce071a75be5c8c91edd8e319d69eb56b4644/parquet-1.3.1.tar.gz", hash = "sha256:fb1c90768c1b9159d4d6a9b3112ea8107b0b46d7491c5ac452ba7350f333bf0a"},
]
"parso 0.8.3" = [
    {url = "https://pypi.tuna.tsinghua.edu.cn/packages/05/63/8011bd08a4111858f79d2b09aad86638490d62fbf881c44e434a6dfca87b/parso-0.8.3-py2.py3-none-any.whl", hash = "sha256:c001d4636cd3aecdaf33cbb40aebb59b094be2a74c556778ef5576c175e19e75"},
    {url = "https://pypi.tuna.tsinghua.edu.cn/packages/a2/0e/41f0cca4b85a6ea74d66d2226a7cda8e41206a624f5b330b958ef48e2e52/parso-0.8.3.tar.gz", hash = "sha256:8c07be290bb59f03588915921e29e8a50002acaf2cdc5fa0e0114f91709fafa0"},
]
"pexpect 4.8.0" = [
    {url = "https://pypi.tuna.tsinghua.edu.cn/packages/39/7b/88dbb785881c28a102619d46423cb853b46dbccc70d3ac362d99773a78ce/pexpect-4.8.0-py2.py3-none-any.whl", hash = "sha256:0b48a55dcb3c05f3329815901ea4fc1537514d6ba867a152b581d69ae3710937"},
    {url = "https://pypi.tuna.tsinghua.edu.cn/packages/e5/9b/ff402e0e930e70467a7178abb7c128709a30dfb22d8777c043e501bc1b10/pexpect-4.8.0.tar.gz", hash = "sha256:fc65a43959d153d0114afe13997d439c22823a27cefceb5ff35c2178c6784c0c"},
]
"pickleshare 0.7.5" = [
    {url = "https://pypi.tuna.tsinghua.edu.cn/packages/9a/41/220f49aaea88bc6fa6cba8d05ecf24676326156c23b991e80b3f2fc24c77/pickleshare-0.7.5-py2.py3-none-any.whl", hash = "sha256:9649af414d74d4df115d5d718f82acb59c9d418196b7b4290ed47a12ce62df56"},
    {url = "https://pypi.tuna.tsinghua.edu.cn/packages/d8/b6/df3c1c9b616e9c0edbc4fbab6ddd09df9535849c64ba51fcb6531c32d4d8/pickleshare-0.7.5.tar.gz", hash = "sha256:87683d47965c1da65cdacaf31c8441d12b8044cdec9aca500cd78fc2c683afca"},
]
"ply 3.11" = [
    {url = "https://pypi.tuna.tsinghua.edu.cn/packages/a3/58/35da89ee790598a0700ea49b2a66594140f44dec458c07e8e3d4979137fc/ply-3.11-py2.py3-none-any.whl", hash = "sha256:096f9b8350b65ebd2fd1346b12452efe5b9607f7482813ffca50c22722a807ce"},
    {url = "https://pypi.tuna.tsinghua.edu.cn/packages/e5/69/882ee5c9d017149285cab114ebeab373308ef0f874fcdac9beb90e0ac4da/ply-3.11.tar.gz", hash = "sha256:00c7c1aaa88358b9c765b6d3000c6eec0ba42abca5351b095321aef446081da3"},
]
"prompt-toolkit 3.0.38" = [
    {url = "https://pypi.tuna.tsinghua.edu.cn/packages/4b/bb/75cdcd356f57d17b295aba121494c2333d26bfff1a837e6199b8b83c415a/prompt_toolkit-3.0.38.tar.gz", hash = "sha256:23ac5d50538a9a38c8bde05fecb47d0b403ecd0662857a86f886f798563d5b9b"},
    {url = "https://pypi.tuna.tsinghua.edu.cn/packages/87/3f/1f5a0ff475ae6481f4b0d45d4d911824d3218b94ee2a97a8cb84e5569836/prompt_toolkit-3.0.38-py3-none-any.whl", hash = "sha256:45ea77a2f7c60418850331366c81cf6b5b9cf4c7fd34616f733c5427e6abbb1f"},
]
"ptyprocess 0.7.0" = [
    {url = "https://pypi.tuna.tsinghua.edu.cn/packages/20/e5/16ff212c1e452235a90aeb09066144d0c5a6a8c0834397e03f5224495c4e/ptyprocess-0.7.0.tar.gz", hash = "sha256:5c5d0a3b48ceee0b48485e0c26037c0acd7d29765ca3fbb5cb3831d347423220"},
    {url = "https://pypi.tuna.tsinghua.edu.cn/packages/22/a6/858897256d0deac81a172289110f31629fc4cee19b6f01283303e18c8db3/ptyprocess-0.7.0-py2.py3-none-any.whl", hash = "sha256:4b41f3967fce3af57cc7e94b888626c18bf37a083e3651ca8feeb66d492fef35"},
]
"pure-eval 0.2.2" = [
    {url = "https://pypi.tuna.tsinghua.edu.cn/packages/2b/27/77f9d5684e6bce929f5cfe18d6cfbe5133013c06cb2fbf5933670e60761d/pure_eval-0.2.2-py3-none-any.whl", hash = "sha256:01eaab343580944bc56080ebe0a674b39ec44a945e6d09ba7db3cb8cec289350"},
    {url = "https://pypi.tuna.tsinghua.edu.cn/packages/97/5a/0bc937c25d3ce4e0a74335222aee05455d6afa2888032185f8ab50cdf6fd/pure_eval-0.2.2.tar.gz", hash = "sha256:2b45320af6dfaa1750f543d714b6d1c520a1688dec6fd24d339063ce0aaa9ac3"},
]
"pyarrow 11.0.0" = [
    {url = "https://pypi.tuna.tsinghua.edu.cn/packages/01/a3/471746d52e4be2ef6d9bb040b68983955f32d04b6c8a7b3b442407cebd7d/pyarrow-11.0.0-cp38-cp38-macosx_10_14_x86_64.whl", hash = "sha256:f12932e5a6feb5c58192209af1d2607d488cb1d404fbc038ac12ada60327fa34"},
    {url = "https://pypi.tuna.tsinghua.edu.cn/packages/1b/dc/e9c7979ff1785b2412757b7c46880f0119ca4ac92c0c7c25c28b0cd063f1/pyarrow-11.0.0-cp311-cp311-win_amd64.whl", hash = "sha256:2f51dc7ca940fdf17893227edb46b6784d37522ce08d21afc56466898cb213b2"},
    {url = "https://pypi.tuna.tsinghua.edu.cn/packages/23/df/eb6902d472569f83e331bc79f17291d70b292d5239ebe6b48bc74ec8424d/pyarrow-11.0.0-cp310-cp310-macosx_10_14_x86_64.whl", hash = "sha256:40bb42afa1053c35c749befbe72f6429b7b5f45710e85059cdd534553ebcf4f2"},
    {url = "https://pypi.tuna.tsinghua.edu.cn/packages/26/48/ed94e31a54359a5c6ce9cb2e1db03ac8255576dcb8692ffb048323e10f1a/pyarrow-11.0.0-cp39-cp39-macosx_11_0_arm64.whl", hash = "sha256:3e99be85973592051e46412accea31828da324531a060bd4585046a74ba45854"},
    {url = "https://pypi.tuna.tsinghua.edu.cn/packages/2c/e7/49cc11436f92a6a9001e4002fb8e5cd6733fc15a89a354cbc22b206a8171/pyarrow-11.0.0.tar.gz", hash = "sha256:5461c57dbdb211a632a48facb9b39bbeb8a7905ec95d768078525283caef5f6d"},
    {url = "https://pypi.tuna.tsinghua.edu.cn/packages/43/30/4f187a27bade0888bfe66bdc53444e33821c5fa53c607827c1ab92a1aea1/pyarrow-11.0.0-cp311-cp311-manylinux_2_17_aarch64.manylinux2014_aarch64.whl", hash = "sha256:2d942c690ff24a08b07cb3df818f542a90e4d359381fbff71b8f2aea5bf58841"},
    {url = "https://pypi.tuna.tsinghua.edu.cn/packages/51/6b/218aa314c8ee3776cf1c91d338c5dfc2f940f233925a2e518419f66f9783/pyarrow-11.0.0-cp311-cp311-macosx_11_0_arm64.whl", hash = "sha256:ad42bb24fc44c48f74f0d8c72a9af16ba9a01a2ccda5739a517aa860fa7e3d56"},
    {url = "https://pypi.tuna.tsinghua.edu.cn/packages/55/4d/e3d3422fc8751f87c950a2a6c893a6fe53709bc96a679606cdb40dff7ac5/pyarrow-11.0.0-cp37-cp37m-manylinux_2_17_x86_64.manylinux2014_x86_64.whl", hash = "sha256:410624da0708c37e6a27eba321a72f29d277091c8f8d23f72c92bada4092eb5e"},
    {url = "https://pypi.tuna.tsinghua.edu.cn/packages/59/fd/75d9e45000f24543fced8942a46061af548dcfcb8ba3f1ebc88414f07143/pyarrow-11.0.0-cp37-cp37m-win_amd64.whl", hash = "sha256:2d53ba72917fdb71e3584ffc23ee4fcc487218f8ff29dd6df3a34c5c48fe8c06"},
    {url = "https://pypi.tuna.tsinghua.edu.cn/packages/5a/ec/47a8b3b817949b61f01aa1bfe2d608258756b8c7a268745eb05accc7c02f/pyarrow-11.0.0-cp310-cp310-win_amd64.whl", hash = "sha256:25aa11c443b934078bfd60ed63e4e2d42461682b5ac10f67275ea21e60e6042c"},
    {url = "https://pypi.tuna.tsinghua.edu.cn/packages/5c/a0/9ec61020d9bf28cb965f214040770a5c5dbefd009aaeeb1a0cb0d50a66c4/pyarrow-11.0.0-cp39-cp39-win_amd64.whl", hash = "sha256:caad867121f182d0d3e1a0d36f197df604655d0b466f1bc9bafa903aa95083e4"},
    {url = "https://pypi.tuna.tsinghua.edu.cn/packages/5d/91/708bcf6e636fc4f1a07bdb704c0a320bafe9b83919cd501648307b31f555/pyarrow-11.0.0-cp38-cp38-manylinux_2_17_x86_64.manylinux2014_x86_64.whl", hash = "sha256:8f40be0d7381112a398b93c45a7e69f60261e7b0269cc324e9f739ce272f4f70"},
    {url = "https://pypi.tuna.tsinghua.edu.cn/packages/5e/f5/4e98a339db32e72e75c081552a2191330e78f11d1e443ab4384cca315615/pyarrow-11.0.0-cp39-cp39-manylinux_2_17_aarch64.manylinux2014_aarch64.whl", hash = "sha256:69309be84dcc36422574d19c7d3a30a7ea43804f12552356d1ab2a82a713c418"},
    {url = "https://pypi.tuna.tsinghua.edu.cn/packages/6d/ec/93c3e93e6b0dabb948f128175f703cee67b4f751c229b971d50faf2b93e3/pyarrow-11.0.0-cp37-cp37m-manylinux_2_17_aarch64.manylinux2014_aarch64.whl", hash = "sha256:aaee8f79d2a120bf3e032d6d64ad20b3af6f56241b0ffc38d201aebfee879d00"},
    {url = "https://pypi.tuna.tsinghua.edu.cn/packages/6f/c5/ed05347b64c05d91d6456ad6c3c21d9e17c75d73727b92fd88078a3d9501/pyarrow-11.0.0-cp38-cp38-manylinux_2_17_aarch64.manylinux2014_aarch64.whl", hash = "sha256:becc2344be80e5dce4e1b80b7c650d2fc2061b9eb339045035a1baa34d5b8f1c"},
    {url = "https://pypi.tuna.tsinghua.edu.cn/packages/72/f5/0b912f1d7f06a880369940f79f4ec5e91a2bcdf84dec2fb53fd1969e40e5/pyarrow-11.0.0-cp310-cp310-macosx_11_0_arm64.whl", hash = "sha256:7c28b5f248e08dea3b3e0c828b91945f431f4202f1a9fe84d1012a761324e1ba"},
    {url = "https://pypi.tuna.tsinghua.edu.cn/packages/7b/04/96784be5122d322dc4d76de2d200cdaf02b72bcec6176687c64d0e2379dd/pyarrow-11.0.0-cp38-cp38-win_amd64.whl", hash = "sha256:362a7c881b32dc6b0eccf83411a97acba2774c10edcec715ccaab5ebf3bb0835"},
    {url = "https://pypi.tuna.tsinghua.edu.cn/packages/83/4a/d5cce2a703e0249e161b63b86f1676d08afcfe8186feccf5c55730ece1c2/pyarrow-11.0.0-cp311-cp311-manylinux_2_17_x86_64.manylinux2014_x86_64.whl", hash = "sha256:f010ce497ca1b0f17a8243df3048055c0d18dcadbcc70895d5baf8921f753de5"},
    {url = "https://pypi.tuna.tsinghua.edu.cn/packages/95/1b/c67e0d844d6a62fdfddff041f325d0a87edc7f7dbc7a93e051accb47c1a3/pyarrow-11.0.0-cp311-cp311-macosx_10_14_x86_64.whl", hash = "sha256:e217d001e6389b20a6759392a5ec49d670757af80101ee6b5f2c8ff0172e02ca"},
    {url = "https://pypi.tuna.tsinghua.edu.cn/packages/a8/38/5938d00a75068827626d18d0681967d07dd98b653099423b11272dbdca2d/pyarrow-11.0.0-cp39-cp39-macosx_10_14_x86_64.whl", hash = "sha256:ccbf29a0dadfcdd97632b4f7cca20a966bb552853ba254e874c66934931b9841"},
    {url = "https://pypi.tuna.tsinghua.edu.cn/packages/bc/5b/cee81fdfbd963e08a50eda1500fc9142fa08a7dec5f7dcd9c7c2a33536b6/pyarrow-11.0.0-cp310-cp310-manylinux_2_17_x86_64.manylinux2014_x86_64.whl", hash = "sha256:ad7c53def8dbbc810282ad308cc46a523ec81e653e60a91c609c2233ae407689"},
    {url = "https://pypi.tuna.tsinghua.edu.cn/packages/c2/49/b7f58a23bd2bce32ba021e35c760fcf5785a4676170b4c1b997bc91044f6/pyarrow-11.0.0-cp38-cp38-macosx_11_0_arm64.whl", hash = "sha256:41a1451dd895c0b2964b83d91019e46f15b5564c7ecd5dcb812dadd3f05acc97"},
    {url = "https://pypi.tuna.tsinghua.edu.cn/packages/cd/8d/a7068195f2668fecbd31b144efe32f48953b876396cceb01c1cd2a0cefbc/pyarrow-11.0.0-cp39-cp39-manylinux_2_17_x86_64.manylinux2014_x86_64.whl", hash = "sha256:da93340fbf6f4e2a62815064383605b7ffa3e9eeb320ec839995b1660d69f89b"},
    {url = "https://pypi.tuna.tsinghua.edu.cn/packages/eb/25/694204296d1e2b8361cccc44bc2275c032e14be4f36c3b012e2906602296/pyarrow-11.0.0-cp37-cp37m-macosx_10_14_x86_64.whl", hash = "sha256:1cbcfcbb0e74b4d94f0b7dde447b835a01bc1d16510edb8bb7d6224b9bf5bafc"},
    {url = "https://pypi.tuna.tsinghua.edu.cn/packages/ed/d2/9780501efdb77dbd3865375e9dc02d2b3963fc4d60b551f8d0ccec07e4de/pyarrow-11.0.0-cp310-cp310-manylinux_2_17_aarch64.manylinux2014_aarch64.whl", hash = "sha256:a37bc81f6c9435da3c9c1e767324ac3064ffbe110c4e460660c43e144be4ed85"},
]
"pygments 2.15.1" = [
    {url = "https://pypi.tuna.tsinghua.edu.cn/packages/34/a7/37c8d68532ba71549db4212cb036dbd6161b40e463aba336770e80c72f84/Pygments-2.15.1-py3-none-any.whl", hash = "sha256:db2db3deb4b4179f399a09054b023b6a586b76499d36965813c71aa8ed7b5fd1"},
    {url = "https://pypi.tuna.tsinghua.edu.cn/packages/89/6b/2114e54b290824197006e41be3f9bbe1a26e9c39d1f5fa20a6d62945a0b3/Pygments-2.15.1.tar.gz", hash = "sha256:8ace4d3c1dd481894b2005f560ead0f9f19ee64fe983366be1a21e171d12775c"},
]
"python-dateutil 2.8.2" = [
    {url = "https://pypi.tuna.tsinghua.edu.cn/packages/36/7a/87837f39d0296e723bb9b62bbb257d0355c7f6128853c78955f57342a56d/python_dateutil-2.8.2-py2.py3-none-any.whl", hash = "sha256:961d03dc3453ebbc59dbdea9e4e11c5651520a876d0f4db161e8674aae935da9"},
    {url = "https://pypi.tuna.tsinghua.edu.cn/packages/4c/c4/13b4776ea2d76c115c1d1b84579f3764ee6d57204f6be27119f13a61d0a9/python-dateutil-2.8.2.tar.gz", hash = "sha256:0123cacc1627ae19ddf3c27a5de5bd67ee4586fbdd6440d9748f8abb483d3e86"},
]
"pytz 2023.3" = [
    {url = "https://pypi.tuna.tsinghua.edu.cn/packages/5e/32/12032aa8c673ee16707a9b6cdda2b09c0089131f35af55d443b6a9c69c1d/pytz-2023.3.tar.gz", hash = "sha256:1d8ce29db189191fb55338ee6d0387d82ab59f3d00eac103412d64e0ebd0c588"},
    {url = "https://pypi.tuna.tsinghua.edu.cn/packages/7f/99/ad6bd37e748257dd70d6f85d916cafe79c0b0f5e2e95b11f7fbc82bf3110/pytz-2023.3-py2.py3-none-any.whl", hash = "sha256:a151b3abb88eda1d4e34a9814df37de2a80e301e68ba0fd856fb9b46bfbbbffb"},
]
"six 1.16.0" = [
    {url = "https://pypi.tuna.tsinghua.edu.cn/packages/71/39/171f1c67cd00715f190ba0b100d606d440a28c93c7714febeca8b79af85e/six-1.16.0.tar.gz", hash = "sha256:1e61c37477a1626458e36f7b1d82aa5c9b094fa4802892072e49de9c60c4c926"},
    {url = "https://pypi.tuna.tsinghua.edu.cn/packages/d9/5a/e7c31adbe875f2abbb91bd84cf2dc52d792b5a01506781dbcf25c91daf11/six-1.16.0-py2.py3-none-any.whl", hash = "sha256:8abb2f1d86890a2dfb989f9a77cfcfd3e47c2a354b01111771326f8aa26e0254"},
]
"stack-data 0.6.2" = [
    {url = "https://pypi.tuna.tsinghua.edu.cn/packages/6a/81/aa96c25c27f78cdc444fec27d80f4c05194c591465e491a1358d8a035bc1/stack_data-0.6.2-py3-none-any.whl", hash = "sha256:cbb2a53eb64e5785878201a97ed7c7b94883f48b87bfb0bbe8b623c74679e4a8"},
    {url = "https://pypi.tuna.tsinghua.edu.cn/packages/db/18/aa7f2b111aeba2cd83503254d9133a912d7f61f459a0c8561858f0d72a56/stack_data-0.6.2.tar.gz", hash = "sha256:32d2dd0376772d01b6cb9fc996f3c8b57a357089dec328ed4b6553d037eaf815"},
]
"thriftpy2 0.4.16" = [
    {url = "https://pypi.tuna.tsinghua.edu.cn/packages/a4/79/6c8138cd1f4375c323aa5e197f72b607b8b0f9e3ceec2e91f3788114d0c1/thriftpy2-0.4.16.tar.gz", hash = "sha256:2aa67ecda99a948e4146341d388260b48ee7da5dfb9a951c4151988e2ed2fb4c"},
]
"traitlets 5.9.0" = [
    {url = "https://pypi.tuna.tsinghua.edu.cn/packages/39/c3/205e88f02959712b62008502952707313640369144a7fded4cbc61f48321/traitlets-5.9.0.tar.gz", hash = "sha256:f6cde21a9c68cf756af02035f72d5a723bf607e862e7be33ece505abf4a3bad9"},
    {url = "https://pypi.tuna.tsinghua.edu.cn/packages/77/75/c28e9ef7abec2b7e9ff35aea3e0be6c1aceaf7873c26c95ae1f0d594de71/traitlets-5.9.0-py3-none-any.whl", hash = "sha256:9e6ec080259b9a5940c797d58b613b5e31441c2257b87c2e795c5228ae80d2d8"},
]
"tzdata 2023.3" = [
    {url = "https://pypi.tuna.tsinghua.edu.cn/packages/70/e5/81f99b9fced59624562ab62a33df639a11b26c582be78864b339dafa420d/tzdata-2023.3.tar.gz", hash = "sha256:11ef1e08e54acb0d4f95bdb1be05da659673de4acbd21bf9c69e94cc5e907a3a"},
    {url = "https://pypi.tuna.tsinghua.edu.cn/packages/d5/fb/a79efcab32b8a1f1ddca7f35109a50e4a80d42ac1c9187ab46522b2407d7/tzdata-2023.3-py2.py3-none-any.whl", hash = "sha256:7e65763eef3120314099b6939b5546db7adce1e7d6f2e179e3df563c70511eda"},
]
"wcwidth 0.2.6" = [
    {url = "https://pypi.tuna.tsinghua.edu.cn/packages/20/f4/c0584a25144ce20bfcf1aecd041768b8c762c1eb0aa77502a3f0baa83f11/wcwidth-0.2.6-py2.py3-none-any.whl", hash = "sha256:795b138f6875577cd91bba52baf9e445cd5118fd32723b460e30a0af30ea230e"},
    {url = "https://pypi.tuna.tsinghua.edu.cn/packages/5e/5f/1e4bd82a9cc1f17b2c2361a2d876d4c38973a997003ba5eb400e8a932b6c/wcwidth-0.2.6.tar.gz", hash = "sha256:a5220780a404dbe3353789870978e472cfe477761f06ee55077256e509b156d0"},
]
